github.com/cromozooom/calina v1.0.0 h1:3OGnPNRa8jjLm1345MJJrIwAl4YqkywnY/wGRvVZZ74=
github.com/cromozooom/calina v1.0.0/go.mod h1:4BlM4HjlZ1TXPI/YjqC5kjN6GmjTgwIfLVs4MWFP80A=
github.com/theNewDynamic/gohugo-theme-ananke v0.0.0-20230203204610-a1a99cf12681 h1:iPc5eu4EV8YZEOh1WsTqLcQmqj96TbqI+BGpBD4a5lo=
github.com/theNewDynamic/gohugo-theme-ananke v0.0.0-20230203204610-a1a99cf12681/go.mod h1:yY14BLqqh5G61rO81YcJKMHY1rClY5iIiUK+K2JKSUM=
